
Microsoft Visual Studio Solution File, Format Version 12.00
# Visual Studio Version 17
VisualStudioVersion = 17.0.31919.166
MinimumVisualStudioVersion = 10.0.40219.1
Project("{FAE04EC0-301F-11D3-BF4B-00C04F79EFBC}") = "SharpOdinClient", "SharpOdinClient\SharpOdinClient.csproj", "{3CC51372-CAF9-4E67-913D-CAC3686024BB}"
EndProject
Project("{FAE04EC0-301F-11D3-BF4B-00C04F79EFBC}") = "SharpOdinClient.test", "SharpOdinClient.test\SharpOdinClient.test.csproj", "{795D5D8D-5126-4426-82FF-7DE987B23F2D}"
EndProject
Global
	GlobalSection(SolutionConfigurationPlatforms) = preSolution
		Debug|Any CPU = Debug|Any CPU
		Release|Any CPU = Release|Any CPU
	EndGlobalSection
	GlobalSection(ProjectConfigurationPlatforms) = postSolution
		{3CC51372-CAF9-4E67-913D-CAC3686024BB}.Debug|Any CPU.ActiveCfg = Debug|Any CPU
		{3CC51372-CAF9-4E67-913D-CAC3686024BB}.Debug|Any CPU.Build.0 = Debug|Any CPU
		{3CC51372-CAF9-4E67-913D-CAC3686024BB}.Release|Any CPU.ActiveCfg = Release|Any CPU
		{3CC51372-CAF9-4E67-913D-CAC3686024BB}.Release|Any CPU.Build.0 = Release|Any CPU
		{795D5D8D-5126-4426-82FF-7DE987B23F2D}.Debug|Any CPU.ActiveCfg = Debug|Any CPU
		{795D5D8D-5126-4426-82FF-7DE987B23F2D}.Debug|Any CPU.Build.0 = Debug|Any CPU
		{795D5D8D-5126-4426-82FF-7DE987B23F2D}.Release|Any CPU.ActiveCfg = Release|Any CPU
		{795D5D8D-5126-4426-82FF-7DE987B23F2D}.Release|Any CPU.Build.0 = Release|Any CPU
	EndGlobalSection
	GlobalSection(SolutionProperties) = preSolution
		HideSolutionNode = FALSE
	EndGlobalSection
	GlobalSection(ExtensibilityGlobals) = postSolution
		SolutionGuid = {1C013EE6-F290-468A-B4D3-535E546C9216}
	EndGlobalSection
EndGlobal
